schema: '2.0'
stages:
  data_ingestion:
    cmd: python src/data_ingestion.py
    deps:
    - path: src/data_ingestion.py
      hash: md5
      md5: 3285784280edbd87da4550f1f8af4f53
      size: 3455
    params:
      params.yaml:
        data_ingestion.test_size: 0.15
    outs:
    - path: data/raw
      hash: md5
      md5: a15ba66afdf82f8659b031b175286ed3.dir
      size: 484846
      nfiles: 2
  data_preprocessing:
    cmd: python src/data_preprocessing.py
    deps:
    - path: data/raw
      hash: md5
      md5: a15ba66afdf82f8659b031b175286ed3.dir
      size: 484846
      nfiles: 2
    - path: src/data_preprocessing.py
      hash: md5
      md5: 127ebf315d1aa56003609f0b40cb5e2c
      size: 3654
    outs:
    - path: data/interim
      hash: md5
      md5: 60a6fff4e80508df65a68e383fa2725e.dir
      size: 259164
      nfiles: 2
  feature_engineering:
    cmd: python src/feature_engineering.py
    deps:
    - path: data/interim
      hash: md5
      md5: 60a6fff4e80508df65a68e383fa2725e.dir
      size: 259164
      nfiles: 2
    - path: src/feature_engineering.py
      hash: md5
      md5: 27695a6bc042d1bc8cf509b5d51b2c35
      size: 2765
    params:
      params.yaml:
        feature_engineering.max_features: 40
    outs:
    - path: data/processed
      hash: md5
      md5: fceb43e727433ca548bb3fc2d2d287bb.dir
      size: 947924
      nfiles: 2
  model_building:
    cmd: python src/model_building.py
    deps:
    - path: data/processed
      hash: md5
      md5: fceb43e727433ca548bb3fc2d2d287bb.dir
      size: 947924
      nfiles: 2
    - path: src/model_building.py
      hash: md5
      md5: 6ceacdd56130e1711129c04225a4f44c
      size: 2613
    params:
      params.yaml:
        model_building.n_estimators: 22
        model_building.random_state: 2
    outs:
    - path: models/model.pkl
      hash: md5
      md5: 967a77c0e39f798fe09a9039bd1708b8
      size: 784645
  model_evaluation:
    cmd: python src/model_evaluation.py
    deps:
    - path: models/model.pkl
      hash: md5
      md5: 967a77c0e39f798fe09a9039bd1708b8
      size: 784645
    - path: src/model_evaluation.py
      hash: md5
      md5: ea5e24c6208cbd6c6ffa7afb94c7d9b0
      size: 2681
    outs:
    - path: reports/metrics.json
      hash: md5
      md5: a6d98dd870f7e6560304d44c602962b6
      size: 145
